
Microsoft Visual Studio Solution File, Format Version 12.00
# Visual Studio 15
VisualStudioVersion = 15.0.28307.1145
MinimumVisualStudioVersion = 10.0.40219.1
Project("{FAE04EC0-301F-11D3-BF4B-00C04F79EFBC}") = "ConsoleShooter2", "ConsoleShooter2\ConsoleShooter2.csproj", "{52C3CF8F-8F6D-4D55-8A42-F1B60B805372}"
EndProject
Global
	GlobalSection(SolutionConfigurationPlatforms) = preSolution
		Debug|Any CPU = Debug|Any CPU
		Release|Any CPU = Release|Any CPU
	EndGlobalSection
	GlobalSection(ProjectConfigurationPlatforms) = postSolution
		{52C3CF8F-8F6D-4D55-8A42-F1B60B805372}.Debug|Any CPU.ActiveCfg = Debug|Any CPU
		{52C3CF8F-8F6D-4D55-8A42-F1B60B805372}.Debug|Any CPU.Build.0 = Debug|Any CPU
		{52C3CF8F-8F6D-4D55-8A42-F1B60B805372}.Release|Any CPU.ActiveCfg = Release|Any CPU
		{52C3CF8F-8F6D-4D55-8A42-F1B60B805372}.Release|Any CPU.Build.0 = Release|Any CPU
	EndGlobalSection
	GlobalSection(SolutionProperties) = preSolution
		HideSolutionNode = FALSE
	EndGlobalSection
	GlobalSection(ExtensibilityGlobals) = postSolution
		SolutionGuid = {5AF87DA9-AD4B-40A8-B2F1-C218DFD6A203}
	EndGlobalSection
EndGlobal
